
Microsoft Visual Studio Solution File, Format Version 12.00
# Visual Studio Version 16
VisualStudioVersion = 16.0.30114.105
MinimumVisualStudioVersion = 10.0.40219.1
Project("{2150E333-8FDC-42A3-9474-1A3956D46DE8}") = "src", "src", "{2EF3D0F6-B404-4976-B6F4-4FDC0CFA504E}"
EndProject
Project("{FAE04EC0-301F-11D3-BF4B-00C04F79EFBC}") = "AutoMapper", "src\AutoMapper\AutoMapper.csproj", "{60F3BCED-A245-49B3-9C7E-08BFDAB3559B}"
EndProject
Project("{FAE04EC0-301F-11D3-BF4B-00C04F79EFBC}") = "Application", "src\Application\Application.csproj", "{BAA7CAFD-2755-4DAD-B8E6-FA10CD6DA427}"
EndProject
Project("{FAE04EC0-301F-11D3-BF4B-00C04F79EFBC}") = "DDD-project", "src\DDD-project\DDD-project.csproj", "{F5EB778B-ED2A-4577-8286-51FD97E0A2E6}"
EndProject
Project("{FAE04EC0-301F-11D3-BF4B-00C04F79EFBC}") = "Domain", "src\Domain\Domain.csproj", "{C39EAE0A-A4E7-450F-96E8-E9830D2CF329}"
EndProject
Project("{FAE04EC0-301F-11D3-BF4B-00C04F79EFBC}") = "Infra.Data", "src\Infra.Data\Infra.Data.csproj", "{A2C78C03-7F4E-4E28-8B4C-12A75E45024B}"
EndProject
Project("{FAE04EC0-301F-11D3-BF4B-00C04F79EFBC}") = "Infra.Data.Dapper", "src\Infra.Data.Dapper\Infra.Data.Dapper.csproj", "{BF73A0F9-83E5-43A9-84EE-42838A27D413}"
EndProject
Project("{FAE04EC0-301F-11D3-BF4B-00C04F79EFBC}") = "Infrastructure.IoC", "src\Infrastructure.Ioc\Infrastructure.IoC.csproj", "{B457110C-1E0F-4C06-AA3A-85D51420D252}"
EndProject
Project("{FAE04EC0-301F-11D3-BF4B-00C04F79EFBC}") = "Utility", "src\Utility\Utility.csproj", "{C8A1B3E2-CF19-416A-8687-F6B0D267B2D6}"
EndProject
Global
	GlobalSection(SolutionConfigurationPlatforms) = preSolution
		Debug|Any CPU = Debug|Any CPU
		Release|Any CPU = Release|Any CPU
	EndGlobalSection
	GlobalSection(SolutionProperties) = preSolution
		HideSolutionNode = FALSE
	EndGlobalSection
	GlobalSection(ProjectConfigurationPlatforms) = postSolution
		{60F3BCED-A245-49B3-9C7E-08BFDAB3559B}.Debug|Any CPU.ActiveCfg = Debug|Any CPU
		{60F3BCED-A245-49B3-9C7E-08BFDAB3559B}.Debug|Any CPU.Build.0 = Debug|Any CPU
		{60F3BCED-A245-49B3-9C7E-08BFDAB3559B}.Release|Any CPU.ActiveCfg = Release|Any CPU
		{60F3BCED-A245-49B3-9C7E-08BFDAB3559B}.Release|Any CPU.Build.0 = Release|Any CPU
		{BAA7CAFD-2755-4DAD-B8E6-FA10CD6DA427}.Debug|Any CPU.ActiveCfg = Debug|Any CPU
		{BAA7CAFD-2755-4DAD-B8E6-FA10CD6DA427}.Debug|Any CPU.Build.0 = Debug|Any CPU
		{BAA7CAFD-2755-4DAD-B8E6-FA10CD6DA427}.Release|Any CPU.ActiveCfg = Release|Any CPU
		{BAA7CAFD-2755-4DAD-B8E6-FA10CD6DA427}.Release|Any CPU.Build.0 = Release|Any CPU
		{F5EB778B-ED2A-4577-8286-51FD97E0A2E6}.Debug|Any CPU.ActiveCfg = Debug|Any CPU
		{F5EB778B-ED2A-4577-8286-51FD97E0A2E6}.Debug|Any CPU.Build.0 = Debug|Any CPU
		{F5EB778B-ED2A-4577-8286-51FD97E0A2E6}.Release|Any CPU.ActiveCfg = Release|Any CPU
		{F5EB778B-ED2A-4577-8286-51FD97E0A2E6}.Release|Any CPU.Build.0 = Release|Any CPU
		{C39EAE0A-A4E7-450F-96E8-E9830D2CF329}.Debug|Any CPU.ActiveCfg = Debug|Any CPU
		{C39EAE0A-A4E7-450F-96E8-E9830D2CF329}.Debug|Any CPU.Build.0 = Debug|Any CPU
		{C39EAE0A-A4E7-450F-96E8-E9830D2CF329}.Release|Any CPU.ActiveCfg = Release|Any CPU
		{C39EAE0A-A4E7-450F-96E8-E9830D2CF329}.Release|Any CPU.Build.0 = Release|Any CPU
		{A2C78C03-7F4E-4E28-8B4C-12A75E45024B}.Debug|Any CPU.ActiveCfg = Debug|Any CPU
		{A2C78C03-7F4E-4E28-8B4C-12A75E45024B}.Debug|Any CPU.Build.0 = Debug|Any CPU
		{A2C78C03-7F4E-4E28-8B4C-12A75E45024B}.Release|Any CPU.ActiveCfg = Release|Any CPU
		{A2C78C03-7F4E-4E28-8B4C-12A75E45024B}.Release|Any CPU.Build.0 = Release|Any CPU
		{BF73A0F9-83E5-43A9-84EE-42838A27D413}.Debug|Any CPU.ActiveCfg = Debug|Any CPU
		{BF73A0F9-83E5-43A9-84EE-42838A27D413}.Debug|Any CPU.Build.0 = Debug|Any CPU
		{BF73A0F9-83E5-43A9-84EE-42838A27D413}.Release|Any CPU.ActiveCfg = Release|Any CPU
		{BF73A0F9-83E5-43A9-84EE-42838A27D413}.Release|Any CPU.Build.0 = Release|Any CPU
		{B457110C-1E0F-4C06-AA3A-85D51420D252}.Debug|Any CPU.ActiveCfg = Debug|Any CPU
		{B457110C-1E0F-4C06-AA3A-85D51420D252}.Debug|Any CPU.Build.0 = Debug|Any CPU
		{B457110C-1E0F-4C06-AA3A-85D51420D252}.Release|Any CPU.ActiveCfg = Release|Any CPU
		{B457110C-1E0F-4C06-AA3A-85D51420D252}.Release|Any CPU.Build.0 = Release|Any CPU
		{C8A1B3E2-CF19-416A-8687-F6B0D267B2D6}.Debug|Any CPU.ActiveCfg = Debug|Any CPU
		{C8A1B3E2-CF19-416A-8687-F6B0D267B2D6}.Debug|Any CPU.Build.0 = Debug|Any CPU
		{C8A1B3E2-CF19-416A-8687-F6B0D267B2D6}.Release|Any CPU.ActiveCfg = Release|Any CPU
		{C8A1B3E2-CF19-416A-8687-F6B0D267B2D6}.Release|Any CPU.Build.0 = Release|Any CPU
	EndGlobalSection
	GlobalSection(NestedProjects) = preSolution
		{60F3BCED-A245-49B3-9C7E-08BFDAB3559B} = {2EF3D0F6-B404-4976-B6F4-4FDC0CFA504E}
		{BAA7CAFD-2755-4DAD-B8E6-FA10CD6DA427} = {2EF3D0F6-B404-4976-B6F4-4FDC0CFA504E}
		{F5EB778B-ED2A-4577-8286-51FD97E0A2E6} = {2EF3D0F6-B404-4976-B6F4-4FDC0CFA504E}
		{C39EAE0A-A4E7-450F-96E8-E9830D2CF329} = {2EF3D0F6-B404-4976-B6F4-4FDC0CFA504E}
		{A2C78C03-7F4E-4E28-8B4C-12A75E45024B} = {2EF3D0F6-B404-4976-B6F4-4FDC0CFA504E}
		{BF73A0F9-83E5-43A9-84EE-42838A27D413} = {2EF3D0F6-B404-4976-B6F4-4FDC0CFA504E}
		{B457110C-1E0F-4C06-AA3A-85D51420D252} = {2EF3D0F6-B404-4976-B6F4-4FDC0CFA504E}
		{C8A1B3E2-CF19-416A-8687-F6B0D267B2D6} = {2EF3D0F6-B404-4976-B6F4-4FDC0CFA504E}
	EndGlobalSection
EndGlobal
